{
  "name": "crystallizer",
  "version": "1.0.0",
  "lockfileVersion": 3,
  "requires": true,
  "packages": {
    "": {
      "name": "crystallizer",
      "version": "1.0.0",
      "license": "MIT",
      "dependencies": {
        "@types/json5": "^2.2.0",
        "@types/node": "^20.5.7",
        "colors.ts": "^1.0.20",
        "json5": "^2.2.3",
        "tslib": "^2.6.2",
        "typescript": "^5.2.2"
      },
      "bin": {
        "crystallizer": "dist/main.js"
      }
    },
    "node_modules/@types/json5": {
      "version": "2.2.0",
      "resolved": "https://registry.npmjs.org/@types/json5/-/json5-2.2.0.tgz",
      "integrity": "sha512-NrVug5woqbvNZ0WX+Gv4R+L4TGddtmFek2u8RtccAgFZWtS9QXF2xCXY22/M4nzkaKF0q9Fc6M/5rxLDhfwc/A==",
      "deprecated": "This is a stub types definition. json5 provides its own type definitions, so you do not need this installed.",
      "dependencies": {
        "json5": "*"
      }
    },
    "node_modules/@types/node": {
      "version": "20.5.7",
      "resolved": "https://registry.npmjs.org/@types/node/-/node-20.5.7.tgz",
      "integrity": "sha512-dP7f3LdZIysZnmvP3ANJYTSwg+wLLl8p7RqniVlV7j+oXSXAbt9h0WIBFmJy5inWZoX9wZN6eXx+YXd9Rh3RBA=="
    },
    "node_modules/colors.ts": {
      "version": "1.0.20",
      "resolved": "https://registry.npmjs.org/colors.ts/-/colors.ts-1.0.20.tgz",
      "integrity": "sha512-MnVQgqGe3S7KLlK0v7rsLQciRgB4NzfRPZ4OZuu8SWNgyJuV651pMqCq7LvJ7eQO586RVspwYvK2ere7xX/m1A=="
    },
    "node_modules/json5": {
      "version": "2.2.3",
      "resolved": "https://registry.npmjs.org/json5/-/json5-2.2.3.tgz",
      "integrity": "sha512-XmOWe7eyHYH14cLdVPoyg+GOH3rYX++KpzrylJwSW98t3Nk+U8XOl8FWKOgwtzdb8lXGf6zYwDUzeHMWfxasyg==",
      "bin": {
        "json5": "lib/cli.js"
      },
      "engines": {
        "node": ">=6"
      }
    },
    "node_modules/tslib": {
      "version": "2.6.2",
      "resolved": "https://registry.npmjs.org/tslib/-/tslib-2.6.2.tgz",
      "integrity": "sha512-AEYxH93jGFPn/a2iVAwW87VuUIkR1FVUKB77NwMF7nBTDkDrrT/Hpt/IrCJ0QXhW27jTBDcf5ZY7w6RiqTMw2Q=="
    },
    "node_modules/typescript": {
      "version": "5.2.2",
      "resolved": "https://registry.npmjs.org/typescript/-/typescript-5.2.2.tgz",
      "integrity": "sha512-mI4WrpHsbCIcwT9cF4FZvr80QUeKvsUsUvKDoR+X/7XHQH98xYD8YHZg7ANtz2GtZt/CBq2QJ0thkGJMHfqc1w==",
      "bin": {
        "tsc": "bin/tsc",
        "tsserver": "bin/tsserver"
      },
      "engines": {
        "node": ">=14.17"
      }
    }
  }
}
